// !$*UTF8*$!
{
	archiveVersion = 1;
	classes = {
	};
	objectVersion = 50;
	objects = {

/* Begin PBXBuildFile section */
		4B1738DA2543DA63006F662F /* landmarkData.json in Resources */ = {isa = PBXBuildFile; fileRef = 4B1738D92543DA63006F662F /* landmarkData.json */; };
		4B1738E22543DBC0006F662F /* charleyrivers.jpg in Resources */ = {isa = PBXBuildFile; fileRef = 4B1738E12543DBC0006F662F /* charleyrivers.jpg */; };
		4B1738E72543E22E006F662F /* UserData.swift in Sources */ = {isa = PBXBuildFile; fileRef = 4B1738E62543E22D006F662F /* UserData.swift */; };
		4B30D7F52545266D00A7AC74 /* SceneDelegate.swift in Sources */ = {isa = PBXBuildFile; fileRef = 4B30D7F42545266D00A7AC74 /* SceneDelegate.swift */; };
		4B30D80D2545304D00A7AC74 /* AppDelegate.swift in Sources */ = {isa = PBXBuildFile; fileRef = 4B30D80C2545304C00A7AC74 /* AppDelegate.swift */; };
		4B30D822254540D400A7AC74 /* Rating.swift in Sources */ = {isa = PBXBuildFile; fileRef = 4B30D821254540D400A7AC74 /* Rating.swift */; };
		4BA411EC253B723800F95BBE /* ContentView.swift in Sources */ = {isa = PBXBuildFile; fileRef = 4BA411EB253B723800F95BBE /* ContentView.swift */; };
		4BA411EE253B723D00F95BBE /* Assets.xcassets in Resources */ = {isa = PBXBuildFile; fileRef = 4BA411ED253B723D00F95BBE /* Assets.xcassets */; };
		4BA411F1253B723D00F95BBE /* Preview Assets.xcassets in Resources */ = {isa = PBXBuildFile; fileRef = 4BA411F0253B723D00F95BBE /* Preview Assets.xcassets */; };
		4BA411FC253B723D00F95BBE /* LandmarksTests.swift in Sources */ = {isa = PBXBuildFile; fileRef = 4BA411FB253B723D00F95BBE /* LandmarksTests.swift */; };
		4BA41207253B723D00F95BBE /* LandmarksUITests.swift in Sources */ = {isa = PBXBuildFile; fileRef = 4BA41206253B723D00F95BBE /* LandmarksUITests.swift */; };
		4BC77316253BF22E001FB40F /* CircleImage.swift in Sources */ = {isa = PBXBuildFile; fileRef = 4BC77315253BF22E001FB40F /* CircleImage.swift */; };
		4BC7731B253BF735001FB40F /* MapView.swift in Sources */ = {isa = PBXBuildFile; fileRef = 4BC7731A253BF735001FB40F /* MapView.swift */; };
		4BE268A1253C11ED005F2F4A /* LandmarkRow.swift in Sources */ = {isa = PBXBuildFile; fileRef = 4BE268A0253C11ED005F2F4A /* LandmarkRow.swift */; };
		4BE268A6253C1260005F2F4A /* Landmark.swift in Sources */ = {isa = PBXBuildFile; fileRef = 4BE268A5253C1260005F2F4A /* Landmark.swift */; };
		4BE268AC253C12FE005F2F4A /* Data.swift in Sources */ = {isa = PBXBuildFile; fileRef = 4BE268AB253C12FE005F2F4A /* Data.swift */; };
		4BE268C8253C1613005F2F4A /* chincoteague.jpg in Resources */ = {isa = PBXBuildFile; fileRef = 4BE268BC253C160F005F2F4A /* chincoteague.jpg */; };
		4BE268C9253C1613005F2F4A /* icybay.jpg in Resources */ = {isa = PBXBuildFile; fileRef = 4BE268BD253C160F005F2F4A /* icybay.jpg */; };
		4BE268CA253C1613005F2F4A /* lakemcdonald.jpg in Resources */ = {isa = PBXBuildFile; fileRef = 4BE268BE253C1610005F2F4A /* lakemcdonald.jpg */; };
		4BE268CB253C1613005F2F4A /* rainbowlake.jpg in Resources */ = {isa = PBXBuildFile; fileRef = 4BE268BF253C1610005F2F4A /* rainbowlake.jpg */; };
		4BE268CC253C1613005F2F4A /* turtlerock.jpg in Resources */ = {isa = PBXBuildFile; fileRef = 4BE268C0253C1610005F2F4A /* turtlerock.jpg */; };
		4BE268CD253C1613005F2F4A /* chilkoottrail.jpg in Resources */ = {isa = PBXBuildFile; fileRef = 4BE268C1253C1610005F2F4A /* chilkoottrail.jpg */; };
		4BE268CE253C1613005F2F4A /* silversalmoncreek.jpg in Resources */ = {isa = PBXBuildFile; fileRef = 4BE268C2253C1611005F2F4A /* silversalmoncreek.jpg */; };
		4BE268CF253C1613005F2F4A /* hiddenlake.jpg in Resources */ = {isa = PBXBuildFile; fileRef = 4BE268C3253C1611005F2F4A /* hiddenlake.jpg */; };
		4BE268D0253C1613005F2F4A /* twinlake.jpg in Resources */ = {isa = PBXBuildFile; fileRef = 4BE268C4253C1611005F2F4A /* twinlake.jpg */; };
		4BE268D1253C1613005F2F4A /* umbagog.jpg in Resources */ = {isa = PBXBuildFile; fileRef = 4BE268C5253C1611005F2F4A /* umbagog.jpg */; };
		4BE268D2253C1613005F2F4A /* yukon_charleyrivers.jpg in Resources */ = {isa = PBXBuildFile; fileRef = 4BE268C6253C1612005F2F4A /* yukon_charleyrivers.jpg */; };
		4BE268D3253C1613005F2F4A /* stmarylake.jpg in Resources */ = {isa = PBXBuildFile; fileRef = 4BE268C7253C1612005F2F4A /* stmarylake.jpg */; };
		4BE268DB253C1785005F2F4A /* LandmarkList.swift in Sources */ = {isa = PBXBuildFile; fileRef = 4BE268DA253C1785005F2F4A /* LandmarkList.swift */; };
		4BE268E0253C20B4005F2F4A /* LandmarkDetail.swift in Sources */ = {isa = PBXBuildFile; fileRef = 4BE268DF253C20B4005F2F4A /* LandmarkDetail.swift */; };
/* End PBXBuildFile section */

/* Begin PBXContainerItemProxy section */
		4BA411F8253B723D00F95BBE /* PBXContainerItemProxy */ = {
			isa = PBXContainerItemProxy;
			containerPortal = 4BA411DE253B723700F95BBE /* Project object */;
			proxyType = 1;
			remoteGlobalIDString = 4BA411E5253B723700F95BBE;
			remoteInfo = Landmarks;
		};
		4BA41203253B723D00F95BBE /* PBXContainerItemProxy */ = {
			isa = PBXContainerItemProxy;
			containerPortal = 4BA411DE253B723700F95BBE /* Project object */;
			proxyType = 1;
			remoteGlobalIDString = 4BA411E5253B723700F95BBE;
			remoteInfo = Landmarks;
		};
/* End PBXContainerItemProxy section */

/* Begin PBXFileReference section */
		4B1738D92543DA63006F662F /* landmarkData.json */ = {isa = PBXFileReference; fileEncoding = 4; lastKnownFileType = text.json; name = landmarkData.json; path = ../../../../Downloads/HandlingUserInput/Complete/Landmarks/Landmarks/Resources/landmarkData.json; sourceTree = "<group>"; };
		4B1738E12543DBC0006F662F /* charleyrivers.jpg */ = {isa = PBXFileReference; lastKnownFileType = image.jpeg; path = charleyrivers.jpg; sourceTree = "<group>"; };
		4B1738E62543E22D006F662F /* UserData.swift */ = {isa = PBXFileReference; lastKnownFileType = sourcecode.swift; path = UserData.swift; sourceTree = "<group>"; };
		4B30D7F42545266D00A7AC74 /* SceneDelegate.swift */ = {isa = PBXFileReference; fileEncoding = 4; lastKnownFileType = sourcecode.swift; path = SceneDelegate.swift; sourceTree = "<group>"; };
		4B30D80C2545304C00A7AC74 /* AppDelegate.swift */ = {isa = PBXFileReference; fileEncoding = 4; lastKnownFileType = sourcecode.swift; path = AppDelegate.swift; sourceTree = "<group>"; };
		4B30D821254540D400A7AC74 /* Rating.swift */ = {isa = PBXFileReference; lastKnownFileType = sourcecode.swift; path = Rating.swift; sourceTree = "<group>"; };
		4BA411E6253B723700F95BBE /* Landmarks.app */ = {isa = PBXFileReference; explicitFileType = wrapper.application; includeInIndex = 0; path = Landmarks.app; sourceTree = BUILT_PRODUCTS_DIR; };
		4BA411EB253B723800F95BBE /* ContentView.swift */ = {isa = PBXFileReference; lastKnownFileType = sourcecode.swift; path = ContentView.swift; sourceTree = "<group>"; };
		4BA411ED253B723D00F95BBE /* Assets.xcassets */ = {isa = PBXFileReference; lastKnownFileType = folder.assetcatalog; path = Assets.xcassets; sourceTree = "<group>"; };
		4BA411F0253B723D00F95BBE /* Preview Assets.xcassets */ = {isa = PBXFileReference; lastKnownFileType = folder.assetcatalog; path = "Preview Assets.xcassets"; sourceTree = "<group>"; };
		4BA411F2253B723D00F95BBE /* Info.plist */ = {isa = PBXFileReference; lastKnownFileType = text.plist.xml; path = Info.plist; sourceTree = "<group>"; };
		4BA411F7253B723D00F95BBE /* LandmarksTests.xctest */ = {isa = PBXFileReference; explicitFileType = wrapper.cfbundle; includeInIndex = 0; path = LandmarksTests.xctest; sourceTree = BUILT_PRODUCTS_DIR; };
		4BA411FB253B723D00F95BBE /* LandmarksTests.swift */ = {isa = PBXFileReference; lastKnownFileType = sourcecode.swift; path = LandmarksTests.swift; sourceTree = "<group>"; };
		4BA411FD253B723D00F95BBE /* Info.plist */ = {isa = PBXFileReference; lastKnownFileType = text.plist.xml; path = Info.plist; sourceTree = "<group>"; };
		4BA41202253B723D00F95BBE /* LandmarksUITests.xctest */ = {isa = PBXFileReference; explicitFileType = wrapper.cfbundle; includeInIndex = 0; path = LandmarksUITests.xctest; sourceTree = BUILT_PRODUCTS_DIR; };
		4BA41206253B723D00F95BBE /* LandmarksUITests.swift */ = {isa = PBXFileReference; lastKnownFileType = sourcecode.swift; path = LandmarksUITests.swift; sourceTree = "<group>"; };
		4BA41208253B723D00F95BBE /* Info.plist */ = {isa = PBXFileReference; lastKnownFileType = text.plist.xml; path = Info.plist; sourceTree = "<group>"; };
		4BC77315253BF22E001FB40F /* CircleImage.swift */ = {isa = PBXFileReference; lastKnownFileType = sourcecode.swift; path = CircleImage.swift; sourceTree = "<group>"; };
		4BC7731A253BF735001FB40F /* MapView.swift */ = {isa = PBXFileReference; lastKnownFileType = sourcecode.swift; path = MapView.swift; sourceTree = "<group>"; };
		4BE268A0253C11ED005F2F4A /* LandmarkRow.swift */ = {isa = PBXFileReference; lastKnownFileType = sourcecode.swift; path = LandmarkRow.swift; sourceTree = "<group>"; };
		4BE268A5253C1260005F2F4A /* Landmark.swift */ = {isa = PBXFileReference; lastKnownFileType = sourcecode.swift; path = Landmark.swift; sourceTree = "<group>"; };
		4BE268AB253C12FE005F2F4A /* Data.swift */ = {isa = PBXFileReference; lastKnownFileType = sourcecode.swift; path = Data.swift; sourceTree = "<group>"; };
		4BE268BC253C160F005F2F4A /* chincoteague.jpg */ = {isa = PBXFileReference; lastKnownFileType = image.jpeg; path = chincoteague.jpg; sourceTree = "<group>"; };
		4BE268BD253C160F005F2F4A /* icybay.jpg */ = {isa = PBXFileReference; lastKnownFileType = image.jpeg; path = icybay.jpg; sourceTree = "<group>"; };
		4BE268BE253C1610005F2F4A /* lakemcdonald.jpg */ = {isa = PBXFileReference; lastKnownFileType = image.jpeg; path = lakemcdonald.jpg; sourceTree = "<group>"; };
		4BE268BF253C1610005F2F4A /* rainbowlake.jpg */ = {isa = PBXFileReference; lastKnownFileType = image.jpeg; path = rainbowlake.jpg; sourceTree = "<group>"; };
		4BE268C0253C1610005F2F4A /* turtlerock.jpg */ = {isa = PBXFileReference; lastKnownFileType = image.jpeg; path = turtlerock.jpg; sourceTree = "<group>"; };
		4BE268C1253C1610005F2F4A /* chilkoottrail.jpg */ = {isa = PBXFileReference; lastKnownFileType = image.jpeg; path = chilkoottrail.jpg; sourceTree = "<group>"; };
		4BE268C2253C1611005F2F4A /* silversalmoncreek.jpg */ = {isa = PBXFileReference; lastKnownFileType = image.jpeg; path = silversalmoncreek.jpg; sourceTree = "<group>"; };
		4BE268C3253C1611005F2F4A /* hiddenlake.jpg */ = {isa = PBXFileReference; lastKnownFileType = image.jpeg; path = hiddenlake.jpg; sourceTree = "<group>"; };
		4BE268C4253C1611005F2F4A /* twinlake.jpg */ = {isa = PBXFileReference; lastKnownFileType = image.jpeg; path = twinlake.jpg; sourceTree = "<group>"; };
		4BE268C5253C1611005F2F4A /* umbagog.jpg */ = {isa = PBXFileReference; lastKnownFileType = image.jpeg; path = umbagog.jpg; sourceTree = "<group>"; };
		4BE268C6253C1612005F2F4A /* yukon_charleyrivers.jpg */ = {isa = PBXFileReference; lastKnownFileType = image.jpeg; path = yukon_charleyrivers.jpg; sourceTree = "<group>"; };
		4BE268C7253C1612005F2F4A /* stmarylake.jpg */ = {isa = PBXFileReference; lastKnownFileType = image.jpeg; path = stmarylake.jpg; sourceTree = "<group>"; };
		4BE268DA253C1785005F2F4A /* LandmarkList.swift */ = {isa = PBXFileReference; lastKnownFileType = sourcecode.swift; path = LandmarkList.swift; sourceTree = "<group>"; };
		4BE268DF253C20B4005F2F4A /* LandmarkDetail.swift */ = {isa = PBXFileReference; lastKnownFileType = sourcecode.swift; path = LandmarkDetail.swift; sourceTree = "<group>"; };
/* End PBXFileReference section */

/* Begin PBXFrameworksBuildPhase section */
		4BA411E3253B723700F95BBE /* Frameworks */ = {
			isa = PBXFrameworksBuildPhase;
			buildActionMask = 2147483647;
			files = (
			);
			runOnlyForDeploymentPostprocessing = 0;
		};
		4BA411F4253B723D00F95BBE /* Frameworks */ = {
			isa = PBXFrameworksBuildPhase;
			buildActionMask = 2147483647;
			files = (
			);
			runOnlyForDeploymentPostprocessing = 0;
		};
		4BA411FF253B723D00F95BBE /* Frameworks */ = {
			isa = PBXFrameworksBuildPhase;
			buildActionMask = 2147483647;
			files = (
			);
			runOnlyForDeploymentPostprocessing = 0;
		};
/* End PBXFrameworksBuildPhase section */

/* Begin PBXGroup section */
		4BA411DD253B723700F95BBE = {
			isa = PBXGroup;
			children = (
				4BA411E8253B723700F95BBE /* Landmarks */,
				4BA411FA253B723D00F95BBE /* LandmarksTests */,
				4BA41205253B723D00F95BBE /* LandmarksUITests */,
				4BA411E7253B723700F95BBE /* Products */,
			);
			sourceTree = "<group>";
		};
		4BA411E7253B723700F95BBE /* Products */ = {
			isa = PBXGroup;
			children = (
				4BA411E6253B723700F95BBE /* Landmarks.app */,
				4BA411F7253B723D00F95BBE /* LandmarksTests.xctest */,
				4BA41202253B723D00F95BBE /* LandmarksUITests.xctest */,
			);
			name = Products;
			sourceTree = "<group>";
		};
		4BA411E8253B723700F95BBE /* Landmarks */ = {
			isa = PBXGroup;
			children = (
				4BC7731A253BF735001FB40F /* MapView.swift */,
				4BC77315253BF22E001FB40F /* CircleImage.swift */,
				4BE268A0253C11ED005F2F4A /* LandmarkRow.swift */,
				4BA411ED253B723D00F95BBE /* Assets.xcassets */,
				4BE268B6253C1446005F2F4A /* Resources */,
				4BE268AA253C12EC005F2F4A /* Models */,
				4B30D7F42545266D00A7AC74 /* SceneDelegate.swift */,
				4B30D80C2545304C00A7AC74 /* AppDelegate.swift */,
				4BA411EB253B723800F95BBE /* ContentView.swift */,
				4BE268DF253C20B4005F2F4A /* LandmarkDetail.swift */,
				4B30D821254540D400A7AC74 /* Rating.swift */,
				4BE268DA253C1785005F2F4A /* LandmarkList.swift */,
				4BA411F2253B723D00F95BBE /* Info.plist */,
				4BA411EF253B723D00F95BBE /* Preview Content */,
			);
			path = Landmarks;
			sourceTree = "<group>";
		};
		4BA411EF253B723D00F95BBE /* Preview Content */ = {
			isa = PBXGroup;
			children = (
				4BA411F0253B723D00F95BBE /* Preview Assets.xcassets */,
			);
			path = "Preview Content";
			sourceTree = "<group>";
		};
		4BA411FA253B723D00F95BBE /* LandmarksTests */ = {
			isa = PBXGroup;
			children = (
				4BA411FB253B723D00F95BBE /* LandmarksTests.swift */,
				4BA411FD253B723D00F95BBE /* Info.plist */,
			);
			path = LandmarksTests;
			sourceTree = "<group>";
		};
		4BA41205253B723D00F95BBE /* LandmarksUITests */ = {
			isa = PBXGroup;
			children = (
				4BA41206253B723D00F95BBE /* LandmarksUITests.swift */,
				4BA41208253B723D00F95BBE /* Info.plist */,
			);
			path = LandmarksUITests;
			sourceTree = "<group>";
		};
		4BE268AA253C12EC005F2F4A /* Models */ = {
			isa = PBXGroup;
			children = (
				4BE268AB253C12FE005F2F4A /* Data.swift */,
				4BE268A5253C1260005F2F4A /* Landmark.swift */,
				4B1738E62543E22D006F662F /* UserData.swift */,
			);
			path = Models;
			sourceTree = "<group>";
		};
		4BE268B6253C1446005F2F4A /* Resources */ = {
			isa = PBXGroup;
			children = (
				4BE268BD253C160F005F2F4A /* icybay.jpg */,
				4BE268C1253C1610005F2F4A /* chilkoottrail.jpg */,
				4BE268BC253C160F005F2F4A /* chincoteague.jpg */,
				4BE268C3253C1611005F2F4A /* hiddenlake.jpg */,
				4BE268BE253C1610005F2F4A /* lakemcdonald.jpg */,
				4BE268BF253C1610005F2F4A /* rainbowlake.jpg */,
				4BE268C2253C1611005F2F4A /* silversalmoncreek.jpg */,
				4B1738D92543DA63006F662F /* landmarkData.json */,
				4BE268C7253C1612005F2F4A /* stmarylake.jpg */,
				4BE268C0253C1610005F2F4A /* turtlerock.jpg */,
				4B1738E12543DBC0006F662F /* charleyrivers.jpg */,
				4BE268C4253C1611005F2F4A /* twinlake.jpg */,
				4BE268C5253C1611005F2F4A /* umbagog.jpg */,
				4BE268C6253C1612005F2F4A /* yukon_charleyrivers.jpg */,
			);
			path = Resources;
			sourceTree = "<group>";
		};
/* End PBXGroup section */

/* Begin PBXNativeTarget section */
		4BA411E5253B723700F95BBE /* Landmarks */ = {
			isa = PBXNativeTarget;
			buildConfigurationList = 4BA4120B253B723D00F95BBE /* Build configuration list for PBXNativeTarget "Landmarks" */;
			buildPhases = (
				4BA411E2253B723700F95BBE /* Sources */,
				4BA411E3253B723700F95BBE /* Frameworks */,
				4BA411E4253B723700F95BBE /* Resources */,
			);
			buildRules = (
			);
			dependencies = (
			);
			name = Landmarks;
			productName = Landmarks;
			productReference = 4BA411E6253B723700F95BBE /* Landmarks.app */;
			productType = "com.apple.product-type.application";
		};
		4BA411F6253B723D00F95BBE /* LandmarksTests */ = {
			isa = PBXNativeTarget;
			buildConfigurationList = 4BA4120E253B723D00F95BBE /* Build configuration list for PBXNativeTarget "LandmarksTests" */;
			buildPhases = (
				4BA411F3253B723D00F95BBE /* Sources */,
				4BA411F4253B723D00F95BBE /* Frameworks */,
				4BA411F5253B723D00F95BBE /* Resources */,
			);
			buildRules = (
			);
			dependencies = (
				4BA411F9253B723D00F95BBE /* PBXTargetDependency */,
			);
			name = LandmarksTests;
			productName = LandmarksTests;
			productReference = 4BA411F7253B723D00F95BBE /* LandmarksTests.xctest */;
			productType = "com.apple.product-type.bundle.unit-test";
		};
		4BA41201253B723D00F95BBE /* LandmarksUITests */ = {
			isa = PBXNativeTarget;
			buildConfigurationList = 4BA41211253B723D00F95BBE /* Build configuration list for PBXNativeTarget "LandmarksUITests" */;
			buildPhases = (
				4BA411FE253B723D00F95BBE /* Sources */,
				4BA411FF253B723D00F95BBE /* Frameworks */,
				4BA41200253B723D00F95BBE /* Resources */,
			);
			buildRules = (
			);
			dependencies = (
				4BA41204253B723D00F95BBE /* PBXTargetDependency */,
			);
			name = LandmarksUITests;
			productName = LandmarksUITests;
			productReference = 4BA41202253B723D00F95BBE /* LandmarksUITests.xctest */;
			productType = "com.apple.product-type.bundle.ui-testing";
		};
/* End PBXNativeTarget section */

/* Begin PBXProject section */
		4BA411DE253B723700F95BBE /* Project object */ = {
			isa = PBXProject;
			attributes = {
				LastSwiftUpdateCheck = 1200;
				LastUpgradeCheck = 1200;
				TargetAttributes = {
					4BA411E5253B723700F95BBE = {
						CreatedOnToolsVersion = 12.0.1;
					};
					4BA411F6253B723D00F95BBE = {
						CreatedOnToolsVersion = 12.0.1;
						TestTargetID = 4BA411E5253B723700F95BBE;
					};
					4BA41201253B723D00F95BBE = {
						CreatedOnToolsVersion = 12.0.1;
						TestTargetID = 4BA411E5253B723700F95BBE;
					};
				};
			};
			buildConfigurationList = 4BA411E1253B723700F95BBE /* Build configuration list for PBXProject "Landmarks" */;
			compatibilityVersion = "Xcode 9.3";
			developmentRegion = en;
			hasScannedForEncodings = 0;
			knownRegions = (
				en,
				Base,
			);
			mainGroup = 4BA411DD253B723700F95BBE;
			productRefGroup = 4BA411E7253B723700F95BBE /* Products */;
			projectDirPath = "";
			projectRoot = "";
			targets = (
				4BA411E5253B723700F95BBE /* Landmarks */,
				4BA411F6253B723D00F95BBE /* LandmarksTests */,
				4BA41201253B723D00F95BBE /* LandmarksUITests */,
			);
		};
/* End PBXProject section */

/* Begin PBXResourcesBuildPhase section */
		4BA411E4253B723700F95BBE /* Resources */ = {
			isa = PBXResourcesBuildPhase;
			buildActionMask = 2147483647;
			files = (
				4BE268D2253C1613005F2F4A /* yukon_charleyrivers.jpg in Resources */,
				4BE268CB253C1613005F2F4A /* rainbowlake.jpg in Resources */,
				4BE268CD253C1613005F2F4A /* chilkoottrail.jpg in Resources */,
				4B1738E22543DBC0006F662F /* charleyrivers.jpg in Resources */,
				4BE268D1253C1613005F2F4A /* umbagog.jpg in Resources */,
				4BE268CA253C1613005F2F4A /* lakemcdonald.jpg in Resources */,
				4BA411F1253B723D00F95BBE /* Preview Assets.xcassets in Resources */,
				4BE268D3253C1613005F2F4A /* stmarylake.jpg in Resources */,
				4BA411EE253B723D00F95BBE /* Assets.xcassets in Resources */,
				4BE268CF253C1613005F2F4A /* hiddenlake.jpg in Resources */,
				4BE268D0253C1613005F2F4A /* twinlake.jpg in Resources */,
				4BE268CE253C1613005F2F4A /* silversalmoncreek.jpg in Resources */,
				4BE268CC253C1613005F2F4A /* turtlerock.jpg in Resources */,
				4BE268C8253C1613005F2F4A /* chincoteague.jpg in Resources */,
				4B1738DA2543DA63006F662F /* landmarkData.json in Resources */,
				4BE268C9253C1613005F2F4A /* icybay.jpg in Resources */,
			);
			runOnlyForDeploymentPostprocessing = 0;
		};
		4BA411F5253B723D00F95BBE /* Resources */ = {
			isa = PBXResourcesBuildPhase;
			buildActionMask = 2147483647;
			files = (
			);
			runOnlyForDeploymentPostprocessing = 0;
		};
		4BA41200253B723D00F95BBE /* Resources */ = {
			isa = PBXResourcesBuildPhase;
			buildActionMask = 2147483647;
			files = (
			);
			runOnlyForDeploymentPostprocessing = 0;
		};
/* End PBXResourcesBuildPhase section */

/* Begin PBXSourcesBuildPhase section */
		4BA411E2253B723700F95BBE /* Sources */ = {
			isa = PBXSourcesBuildPhase;
			buildActionMask = 2147483647;
			files = (
				4B30D822254540D400A7AC74 /* Rating.swift in Sources */,
				4B30D80D2545304D00A7AC74 /* AppDelegate.swift in Sources */,
				4BE268AC253C12FE005F2F4A /* Data.swift in Sources */,
				4BA411EC253B723800F95BBE /* ContentView.swift in Sources */,
				4BC7731B253BF735001FB40F /* MapView.swift in Sources */,
				4BE268DB253C1785005F2F4A /* LandmarkList.swift in Sources */,
				4BE268E0253C20B4005F2F4A /* LandmarkDetail.swift in Sources */,
				4BE268A1253C11ED005F2F4A /* LandmarkRow.swift in Sources */,
				4BC77316253BF22E001FB40F /* CircleImage.swift in Sources */,
				4B1738E72543E22E006F662F /* UserData.swift in Sources */,
				4BE268A6253C1260005F2F4A /* Landmark.swift in Sources */,
				4B30D7F52545266D00A7AC74 /* SceneDelegate.swift in Sources */,
			);
			runOnlyForDeploymentPostprocessing = 0;
		};
		4BA411F3253B723D00F95BBE /* Sources */ = {
			isa = PBXSourcesBuildPhase;
			buildActionMask = 2147483647;
			files = (
				4BA411FC253B723D00F95BBE /* LandmarksTests.swift in Sources */,
			);
			runOnlyForDeploymentPostprocessing = 0;
		};
		4BA411FE253B723D00F95BBE /* Sources */ = {
			isa = PBXSourcesBuildPhase;
			buildActionMask = 2147483647;
			files = (
				4BA41207253B723D00F95BBE /* LandmarksUITests.swift in Sources */,
			);
			runOnlyForDeploymentPostprocessing = 0;
		};
/* End PBXSourcesBuildPhase section */

/* Begin PBXTargetDependency section */
		4BA411F9253B723D00F95BBE /* PBXTargetDependency */ = {
			isa = PBXTargetDependency;
			target = 4BA411E5253B723700F95BBE /* Landmarks */;
			targetProxy = 4BA411F8253B723D00F95BBE /* PBXContainerItemProxy */;
		};
		4BA41204253B723D00F95BBE /* PBXTargetDependency */ = {
			isa = PBXTargetDependency;
			target = 4BA411E5253B723700F95BBE /* Landmarks */;
			targetProxy = 4BA41203253B723D00F95BBE /* PBXContainerItemProxy */;
		};
/* End PBXTargetDependency section */

/* Begin XCBuildConfiguration section */
		4BA41209253B723D00F95BBE /* Debug */ = {
			isa = XCBuildConfiguration;
			buildSettings = {
				ALWAYS_SEARCH_USER_PATHS = NO;
				CLANG_ANALYZER_NONNULL = YES;
				CLANG_ANALYZER_NUMBER_OBJECT_CONVERSION = YES_AGGRESSIVE;
				CLANG_CXX_LANGUAGE_STANDARD = "gnu++14";
				CLANG_CXX_LIBRARY = "libc++";
				CLANG_ENABLE_MODULES = YES;
				CLANG_ENABLE_OBJC_ARC = YES;
				CLANG_ENABLE_OBJC_WEAK = YES;
				CLANG_WARN_BLOCK_CAPTURE_AUTORELEASING = YES;
				CLANG_WARN_BOOL_CONVERSION = YES;
				CLANG_WARN_COMMA = YES;
				CLANG_WARN_CONSTANT_CONVERSION = YES;
				CLANG_WARN_DEPRECATED_OBJC_IMPLEMENTATIONS = YES;
				CLANG_WARN_DIRECT_OBJC_ISA_USAGE = YES_ERROR;
				CLANG_WARN_DOCUMENTATION_COMMENTS = YES;
				CLANG_WARN_EMPTY_BODY = YES;
				CLANG_WARN_ENUM_CONVERSION = YES;
				CLANG_WARN_INFINITE_RECURSION = YES;
				CLANG_WARN_INT_CONVERSION = YES;
				CLANG_WARN_NON_LITERAL_NULL_CONVERSION = YES;
				CLANG_WARN_OBJC_IMPLICIT_RETAIN_SELF = YES;
				CLANG_WARN_OBJC_LITERAL_CONVERSION = YES;
				CLANG_WARN_OBJC_ROOT_CLASS = YES_ERROR;
				CLANG_WARN_QUOTED_INCLUDE_IN_FRAMEWORK_HEADER = YES;
				CLANG_WARN_RANGE_LOOP_ANALYSIS = YES;
				CLANG_WARN_STRICT_PROTOTYPES = YES;
				CLANG_WARN_SUSPICIOUS_MOVE = YES;
				CLANG_WARN_UNGUARDED_AVAILABILITY = YES_AGGRESSIVE;
				CLANG_WARN_UNREACHABLE_CODE = YES;
				CLANG_WARN__DUPLICATE_METHOD_MATCH = YES;
				COPY_PHASE_STRIP = NO;
				DEBUG_INFORMATION_FORMAT = dwarf;
				ENABLE_STRICT_OBJC_MSGSEND = YES;
				ENABLE_TESTABILITY = YES;
				GCC_C_LANGUAGE_STANDARD = gnu11;
				GCC_DYNAMIC_NO_PIC = NO;
				GCC_NO_COMMON_BLOCKS = YES;
				GCC_OPTIMIZATION_LEVEL = 0;
				GCC_PREPROCESSOR_DEFINITIONS = (
					"DEBUG=1",
					"$(inherited)",
				);
				GCC_WARN_64_TO_32_BIT_CONVERSION = YES;
				GCC_WARN_ABOUT_RETURN_TYPE = YES_ERROR;
				GCC_WARN_UNDECLARED_SELECTOR = YES;
				GCC_WARN_UNINITIALIZED_AUTOS = YES_AGGRESSIVE;
				GCC_WARN_UNUSED_FUNCTION = YES;
				GCC_WARN_UNUSED_VARIABLE = YES;
				IPHONEOS_DEPLOYMENT_TARGET = 14.0;
				MTL_ENABLE_DEBUG_INFO = INCLUDE_SOURCE;
				MTL_FAST_MATH = YES;
				ONLY_ACTIVE_ARCH = YES;
				SDKROOT = iphoneos;
				SWIFT_ACTIVE_COMPILATION_CONDITIONS = DEBUG;
				SWIFT_OPTIMIZATION_LEVEL = "-Onone";
			};
			name = Debug;
		};
		4BA4120A253B723D00F95BBE /* Release */ = {
			isa = XCBuildConfiguration;
			buildSettings = {
				ALWAYS_SEARCH_USER_PATHS = NO;
				CLANG_ANALYZER_NONNULL = YES;
				CLANG_ANALYZER_NUMBER_OBJECT_CONVERSION = YES_AGGRESSIVE;
				CLANG_CXX_LANGUAGE_STANDARD = "gnu++14";
				CLANG_CXX_LIBRARY = "libc++";
				CLANG_ENABLE_MODULES = YES;
				CLANG_ENABLE_OBJC_ARC = YES;
				CLANG_ENABLE_OBJC_WEAK = YES;
				CLANG_WARN_BLOCK_CAPTURE_AUTORELEASING = YES;
				CLANG_WARN_BOOL_CONVERSION = YES;
				CLANG_WARN_COMMA = YES;
				CLANG_WARN_CONSTANT_CONVERSION = YES;
				CLANG_WARN_DEPRECATED_OBJC_IMPLEMENTATIONS = YES;
				CLANG_WARN_DIRECT_OBJC_ISA_USAGE = YES_ERROR;
				CLANG_WARN_DOCUMENTATION_COMMENTS = YES;
				CLANG_WARN_EMPTY_BODY = YES;
				CLANG_WARN_ENUM_CONVERSION = YES;
				CLANG_WARN_INFINITE_RECURSION = YES;
				CLANG_WARN_INT_CONVERSION = YES;
				CLANG_WARN_NON_LITERAL_NULL_CONVERSION = YES;
				CLANG_WARN_OBJC_IMPLICIT_RETAIN_SELF = YES;
				CLANG_WARN_OBJC_LITERAL_CONVERSION = YES;
				CLANG_WARN_OBJC_ROOT_CLASS = YES_ERROR;
				CLANG_WARN_QUOTED_INCLUDE_IN_FRAMEWORK_HEADER = YES;
				CLANG_WARN_RANGE_LOOP_ANALYSIS = YES;
				CLANG_WARN_STRICT_PROTOTYPES = YES;
				CLANG_WARN_SUSPICIOUS_MOVE = YES;
				CLANG_WARN_UNGUARDED_AVAILABILITY = YES_AGGRESSIVE;
				CLANG_WARN_UNREACHABLE_CODE = YES;
				CLANG_WARN__DUPLICATE_METHOD_MATCH = YES;
				COPY_PHASE_STRIP = NO;
				DEBUG_INFORMATION_FORMAT = "dwarf-with-dsym";
				ENABLE_NS_ASSERTIONS = NO;
				ENABLE_STRICT_OBJC_MSGSEND = YES;
				GCC_C_LANGUAGE_STANDARD = gnu11;
				GCC_NO_COMMON_BLOCKS = YES;
				GCC_WARN_64_TO_32_BIT_CONVERSION = YES;
				GCC_WARN_ABOUT_RETURN_TYPE = YES_ERROR;
				GCC_WARN_UNDECLARED_SELECTOR = YES;
				GCC_WARN_UNINITIALIZED_AUTOS = YES_AGGRESSIVE;
				GCC_WARN_UNUSED_FUNCTION = YES;
				GCC_WARN_UNUSED_VARIABLE = YES;
				IPHONEOS_DEPLOYMENT_TARGET = 14.0;
				MTL_ENABLE_DEBUG_INFO = NO;
				MTL_FAST_MATH = YES;
				SDKROOT = iphoneos;
				SWIFT_COMPILATION_MODE = wholemodule;
				SWIFT_OPTIMIZATION_LEVEL = "-O";
				VALIDATE_PRODUCT = YES;
			};
			name = Release;
		};
		4BA4120C253B723D00F95BBE /* Debug */ = {
			isa = XCBuildConfiguration;
			buildSettings = {
				ASSETCATALOG_COMPILER_APPICON_NAME = AppIcon;
				ASSETCATALOG_COMPILER_GLOBAL_ACCENT_COLOR_NAME = AccentColor;
				CODE_SIGN_STYLE = Automatic;
				DEVELOPMENT_ASSET_PATHS = "\"Landmarks/Preview Content\"";
				DEVELOPMENT_TEAM = QBN5NAZ8WX;
				ENABLE_PREVIEWS = YES;
				INFOPLIST_FILE = Landmarks/Info.plist;
				IPHONEOS_DEPLOYMENT_TARGET = 14.0;
				LD_RUNPATH_SEARCH_PATHS = (
					"$(inherited)",
					"@executable_path/Frameworks",
				);
				PRODUCT_BUNDLE_IDENTIFIER = com.dipaolo.Landmarks;
				PRODUCT_NAME = "$(TARGET_NAME)";
				SWIFT_VERSION = 5.0;
				TARGETED_DEVICE_FAMILY = "1,2";
			};
			name = Debug;
		};
		4BA4120D253B723D00F95BBE /* Release */ = {
			isa = XCBuildConfiguration;
			buildSettings = {
				ASSETCATALOG_COMPILER_APPICON_NAME = AppIcon;
				ASSETCATALOG_COMPILER_GLOBAL_ACCENT_COLOR_NAME = AccentColor;
				CODE_SIGN_STYLE = Automatic;
				DEVELOPMENT_ASSET_PATHS = "\"Landmarks/Preview Content\"";
				DEVELOPMENT_TEAM = QBN5NAZ8WX;
				ENABLE_PREVIEWS = YES;
				INFOPLIST_FILE = Landmarks/Info.plist;
				IPHONEOS_DEPLOYMENT_TARGET = 14.0;
				LD_RUNPATH_SEARCH_PATHS = (
					"$(inherited)",
					"@executable_path/Frameworks",
				);
				PRODUCT_BUNDLE_IDENTIFIER = com.dipaolo.Landmarks;
				PRODUCT_NAME = "$(TARGET_NAME)";
				SWIFT_VERSION = 5.0;
				TARGETED_DEVICE_FAMILY = "1,2";
			};
			name = Release;
		};
		4BA4120F253B723D00F95BBE /* Debug */ = {
			isa = XCBuildConfiguration;
			buildSettings = {
				ALWAYS_EMBED_SWIFT_STANDARD_LIBRARIES = YES;
				BUNDLE_LOADER = "$(TEST_HOST)";
				CODE_SIGN_STYLE = Automatic;
				INFOPLIST_FILE = LandmarksTests/Info.plist;
				IPHONEOS_DEPLOYMENT_TARGET = 14.0;
				LD_RUNPATH_SEARCH_PATHS = (
					"$(inherited)",
					"@executable_path/Frameworks",
					"@loader_path/Frameworks",
				);
				PRODUCT_BUNDLE_IDENTIFIER = com.dipaolo.LandmarksTests;
				PRODUCT_NAME = "$(TARGET_NAME)";
				SWIFT_VERSION = 5.0;
				TARGETED_DEVICE_FAMILY = "1,2";
				TEST_HOST = "$(BUILT_PRODUCTS_DIR)/Landmarks.app/Landmarks";
			};
			name = Debug;
		};
		4BA41210253B723D00F95BBE /* Release */ = {
			isa = XCBuildConfiguration;
			buildSettings = {
				ALWAYS_EMBED_SWIFT_STANDARD_LIBRARIES = YES;
				BUNDLE_LOADER = "$(TEST_HOST)";
				CODE_SIGN_STYLE = Automatic;
				INFOPLIST_FILE = LandmarksTests/Info.plist;
				IPHONEOS_DEPLOYMENT_TARGET = 14.0;
				LD_RUNPATH_SEARCH_PATHS = (
					"$(inherited)",
					"@executable_path/Frameworks",
					"@loader_path/Frameworks",
				);
				PRODUCT_BUNDLE_IDENTIFIER = com.dipaolo.LandmarksTests;
				PRODUCT_NAME = "$(TARGET_NAME)";
				SWIFT_VERSION = 5.0;
				TARGETED_DEVICE_FAMILY = "1,2";
				TEST_HOST = "$(BUILT_PRODUCTS_DIR)/Landmarks.app/Landmarks";
			};
			name = Release;
		};
		4BA41212253B723D00F95BBE /* Debug */ = {
			isa = XCBuildConfiguration;
			buildSettings = {
				ALWAYS_EMBED_SWIFT_STANDARD_LIBRARIES = YES;
				CODE_SIGN_STYLE = Automatic;
				INFOPLIST_FILE = LandmarksUITests/Info.plist;
				LD_RUNPATH_SEARCH_PATHS = (
					"$(inherited)",
					"@executable_path/Frameworks",
					"@loader_path/Frameworks",
				);
				PRODUCT_BUNDLE_IDENTIFIER = com.dipaolo.LandmarksUITests;
				PRODUCT_NAME = "$(TARGET_NAME)";
				SWIFT_VERSION = 5.0;
				TARGETED_DEVICE_FAMILY = "1,2";
				TEST_TARGET_NAME = Landmarks;
			};
			name = Debug;
		};
		4BA41213253B723D00F95BBE /* Release */ = {
			isa = XCBuildConfiguration;
			buildSettings = {
				ALWAYS_EMBED_SWIFT_STANDARD_LIBRARIES = YES;
				CODE_SIGN_STYLE = Automatic;
				INFOPLIST_FILE = LandmarksUITests/Info.plist;
				LD_RUNPATH_SEARCH_PATHS = (
					"$(inherited)",
					"@executable_path/Frameworks",
					"@loader_path/Frameworks",
				);
				PRODUCT_BUNDLE_IDENTIFIER = com.dipaolo.LandmarksUITests;
				PRODUCT_NAME = "$(TARGET_NAME)";
				SWIFT_VERSION = 5.0;
				TARGETED_DEVICE_FAMILY = "1,2";
				TEST_TARGET_NAME = Landmarks;
			};
			name = Release;
		};
/* End XCBuildConfiguration section */

/* Begin XCConfigurationList section */
		4BA411E1253B723700F95BBE /* Build configuration list for PBXProject "Landmarks" */ = {
			isa = XCConfigurationList;
			buildConfigurations = (
				4BA41209253B723D00F95BBE /* Debug */,
				4BA4120A253B723D00F95BBE /* Release */,
			);
			defaultConfigurationIsVisible = 0;
			defaultConfigurationName = Release;
		};
		4BA4120B253B723D00F95BBE /* Build configuration list for PBXNativeTarget "Landmarks" */ = {
			isa = XCConfigurationList;
			buildConfigurations = (
				4BA4120C253B723D00F95BBE /* Debug */,
				4BA4120D253B723D00F95BBE /* Release */,
			);
			defaultConfigurationIsVisible = 0;
			defaultConfigurationName = Release;
		};
		4BA4120E253B723D00F95BBE /* Build configuration list for PBXNativeTarget "LandmarksTests" */ = {
			isa = XCConfigurationList;
			buildConfigurations = (
				4BA4120F253B723D00F95BBE /* Debug */,
				4BA41210253B723D00F95BBE /* Release */,
			);
			defaultConfigurationIsVisible = 0;
			defaultConfigurationName = Release;
		};
		4BA41211253B723D00F95BBE /* Build configuration list for PBXNativeTarget "LandmarksUITests" */ = {
			isa = XCConfigurationList;
			buildConfigurations = (
				4BA41212253B723D00F95BBE /* Debug */,
				4BA41213253B723D00F95BBE /* Release */,
			);
			defaultConfigurationIsVisible = 0;
			defaultConfigurationName = Release;
		};
/* End XCConfigurationList section */
	};
	rootObject = 4BA411DE253B723700F95BBE /* Project object */;
}
